// !$*UTF8*$!
{
	archiveVersion = 1;
	classes = {
	};
	objectVersion = 55;
	objects = {

/* Begin PBXBuildFile section */
		9B48BB4B284F6A1700C23F1C /* Notification.swift in Sources */ = {isa = PBXBuildFile; fileRef = 9B48BB4A284F6A1700C23F1C /* Notification.swift */; };
		9B48BB4D284F814700C23F1C /* LocalNotificationManager.swift in Sources */ = {isa = PBXBuildFile; fileRef = 9B48BB4C284F814700C23F1C /* LocalNotificationManager.swift */; };
		9BF7EE2A284E6E750060D66B /* PillMeApp.swift in Sources */ = {isa = PBXBuildFile; fileRef = 9BF7EE29284E6E750060D66B /* PillMeApp.swift */; };
		9BF7EE2C284E6E750060D66B /* ContentView.swift in Sources */ = {isa = PBXBuildFile; fileRef = 9BF7EE2B284E6E750060D66B /* ContentView.swift */; };
		9BF7EE2E284E6E760060D66B /* Assets.xcassets in Resources */ = {isa = PBXBuildFile; fileRef = 9BF7EE2D284E6E760060D66B /* Assets.xcassets */; };
		9BF7EE31284E6E760060D66B /* Preview Assets.xcassets in Resources */ = {isa = PBXBuildFile; fileRef = 9BF7EE30284E6E760060D66B /* Preview Assets.xcassets */; };
		9BF7EE86284E6F930060D66B /* FriendInfoManager.swift in Sources */ = {isa = PBXBuildFile; fileRef = 9BF7EE85284E6F930060D66B /* FriendInfoManager.swift */; };
		9BF7EE88284E6FB80060D66B /* FriendView.swift in Sources */ = {isa = PBXBuildFile; fileRef = 9BF7EE87284E6FB80060D66B /* FriendView.swift */; };
		9BF7EE8A284E6FCF0060D66B /* AddFriendManager.swift in Sources */ = {isa = PBXBuildFile; fileRef = 9BF7EE89284E6FCF0060D66B /* AddFriendManager.swift */; };
		9BF7EE8C284E6FE30060D66B /* FriendManager.swift in Sources */ = {isa = PBXBuildFile; fileRef = 9BF7EE8B284E6FE30060D66B /* FriendManager.swift */; };
		9BF7EE8E284E6FF40060D66B /* FriendListModel.swift in Sources */ = {isa = PBXBuildFile; fileRef = 9BF7EE8D284E6FF40060D66B /* FriendListModel.swift */; };
		9BF7EE90284E700D0060D66B /* ForgotPasswordView.swift in Sources */ = {isa = PBXBuildFile; fileRef = 9BF7EE8F284E700D0060D66B /* ForgotPasswordView.swift */; };
		9BF7EE92284E70200060D66B /* passwordManager.swift in Sources */ = {isa = PBXBuildFile; fileRef = 9BF7EE91284E70200060D66B /* passwordManager.swift */; };
		9BF7EE94284E70440060D66B /*  AddPillView.swift in Sources */ = {isa = PBXBuildFile; fileRef = 9BF7EE93284E70440060D66B /*  AddPillView.swift */; };
		9BF7EE96284E70590060D66B /* AddPillManager.swift in Sources */ = {isa = PBXBuildFile; fileRef = 9BF7EE95284E70590060D66B /* AddPillManager.swift */; };
		9BF7EE98284E706B0060D66B /* PillSearchView.swift in Sources */ = {isa = PBXBuildFile; fileRef = 9BF7EE97284E706B0060D66B /* PillSearchView.swift */; };
		9BF7EE9A284E709C0060D66B /* searchPillInfoModel.swift in Sources */ = {isa = PBXBuildFile; fileRef = 9BF7EE99284E709C0060D66B /* searchPillInfoModel.swift */; };
		9BF7EE9C284E70AF0060D66B /* SearchBarView.swift in Sources */ = {isa = PBXBuildFile; fileRef = 9BF7EE9B284E70AF0060D66B /* SearchBarView.swift */; };
		9BF7EEA0284E71100060D66B /* PillModel.swift in Sources */ = {isa = PBXBuildFile; fileRef = 9BF7EE9F284E71100060D66B /* PillModel.swift */; };
		9BF7EEA2284E71230060D66B /* PillManager.swift in Sources */ = {isa = PBXBuildFile; fileRef = 9BF7EEA1284E71230060D66B /* PillManager.swift */; };
		9BF7EEA4284E71370060D66B /* PillInfoView.swift in Sources */ = {isa = PBXBuildFile; fileRef = 9BF7EEA3284E71370060D66B /* PillInfoView.swift */; };
		9BF7EEA6284E71730060D66B /* mainView.swift in Sources */ = {isa = PBXBuildFile; fileRef = 9BF7EEA5284E71730060D66B /* mainView.swift */; };
		9BF7EEA8284E71870060D66B /* LoginView.swift in Sources */ = {isa = PBXBuildFile; fileRef = 9BF7EEA7284E71870060D66B /* LoginView.swift */; };
		9BF7EEAA284E71990060D66B /* SignupView.swift in Sources */ = {isa = PBXBuildFile; fileRef = 9BF7EEA9284E71990060D66B /* SignupView.swift */; };
		9BF7EEAC284E71AE0060D66B /* IdCheckManager.swift in Sources */ = {isa = PBXBuildFile; fileRef = 9BF7EEAB284E71AE0060D66B /* IdCheckManager.swift */; };
		9BF7EEAE284E71CA0060D66B /* SignupManager.swift in Sources */ = {isa = PBXBuildFile; fileRef = 9BF7EEAD284E71CA0060D66B /* SignupManager.swift */; };
		9BF7EEB0284E721D0060D66B /* TabView.swift in Sources */ = {isa = PBXBuildFile; fileRef = 9BF7EEAF284E721D0060D66B /* TabView.swift */; };
		9BF7EEB2284E72360060D66B /* ProfileView.swift in Sources */ = {isa = PBXBuildFile; fileRef = 9BF7EEB1284E72360060D66B /* ProfileView.swift */; };
		9BF7EEB4284E72BF0060D66B /* FiendInfoView.swift in Sources */ = {isa = PBXBuildFile; fileRef = 9BF7EEB3284E72BF0060D66B /* FiendInfoView.swift */; };
		9BF7EEB6284E72D10060D66B /* AddTimeManager.swift in Sources */ = {isa = PBXBuildFile; fileRef = 9BF7EEB5284E72D10060D66B /* AddTimeManager.swift */; };
		9BF7EEB8284E72EA0060D66B /* CalendarView.swift in Sources */ = {isa = PBXBuildFile; fileRef = 9BF7EEB7284E72EA0060D66B /* CalendarView.swift */; };
		9BF7EEBA284E730B0060D66B /* TakeCheckManager.swift in Sources */ = {isa = PBXBuildFile; fileRef = 9BF7EEB9284E730B0060D66B /* TakeCheckManager.swift */; };
		9BF7EEBC284E73290060D66B /* PillTakeModel.swift in Sources */ = {isa = PBXBuildFile; fileRef = 9BF7EEBB284E73290060D66B /* PillTakeModel.swift */; };
		9BF7EEBE284E73450060D66B /* pillTimeModel.swift in Sources */ = {isa = PBXBuildFile; fileRef = 9BF7EEBD284E73450060D66B /* pillTimeModel.swift */; };
		9BF7EEC0284E73E60060D66B /* TestView.swift in Sources */ = {isa = PBXBuildFile; fileRef = 9BF7EEBF284E73E60060D66B /* TestView.swift */; };
		9BF7EEC2284E73FE0060D66B /* LoginManager.swift in Sources */ = {isa = PBXBuildFile; fileRef = 9BF7EEC1284E73FE0060D66B /* LoginManager.swift */; };
		9BF7EEC4284E740C0060D66B /* userModel.swift in Sources */ = {isa = PBXBuildFile; fileRef = 9BF7EEC3284E740C0060D66B /* userModel.swift */; };
		9BF7EEC6284E741A0060D66B /* getCurrentTimeManager.swift in Sources */ = {isa = PBXBuildFile; fileRef = 9BF7EEC5284E741A0060D66B /* getCurrentTimeManager.swift */; };
		9BF7EEC8284E74270060D66B /* SelectTimeManager.swift in Sources */ = {isa = PBXBuildFile; fileRef = 9BF7EEC7284E74270060D66B /* SelectTimeManager.swift */; };
		9BF7EECA284E74350060D66B /* SearchPillInfoManager.swift in Sources */ = {isa = PBXBuildFile; fileRef = 9BF7EEC9284E74350060D66B /* SearchPillInfoManager.swift */; };
		9BF7EECC284E74480060D66B /* PillDeleteManager.swift in Sources */ = {isa = PBXBuildFile; fileRef = 9BF7EECB284E74480060D66B /* PillDeleteManager.swift */; };
/* End PBXBuildFile section */

/* Begin PBXFileReference section */
		9B48BB4A284F6A1700C23F1C /* Notification.swift */ = {isa = PBXFileReference; lastKnownFileType = sourcecode.swift; path = Notification.swift; sourceTree = "<group>"; };
		9B48BB4C284F814700C23F1C /* LocalNotificationManager.swift */ = {isa = PBXFileReference; lastKnownFileType = sourcecode.swift; path = LocalNotificationManager.swift; sourceTree = "<group>"; };
		9BF7EE26284E6E750060D66B /* PillMe.app */ = {isa = PBXFileReference; explicitFileType = wrapper.application; includeInIndex = 0; path = PillMe.app; sourceTree = BUILT_PRODUCTS_DIR; };
		9BF7EE29284E6E750060D66B /* PillMeApp.swift */ = {isa = PBXFileReference; lastKnownFileType = sourcecode.swift; path = PillMeApp.swift; sourceTree = "<group>"; };
		9BF7EE2B284E6E750060D66B /* ContentView.swift */ = {isa = PBXFileReference; lastKnownFileType = sourcecode.swift; path = ContentView.swift; sourceTree = "<group>"; };
		9BF7EE2D284E6E760060D66B /* Assets.xcassets */ = {isa = PBXFileReference; lastKnownFileType = folder.assetcatalog; path = Assets.xcassets; sourceTree = "<group>"; };
		9BF7EE30284E6E760060D66B /* Preview Assets.xcassets */ = {isa = PBXFileReference; lastKnownFileType = folder.assetcatalog; path = "Preview Assets.xcassets"; sourceTree = "<group>"; };
		9BF7EE85284E6F930060D66B /* FriendInfoManager.swift */ = {isa = PBXFileReference; lastKnownFileType = sourcecode.swift; path = FriendInfoManager.swift; sourceTree = "<group>"; };
		9BF7EE87284E6FB80060D66B /* FriendView.swift */ = {isa = PBXFileReference; lastKnownFileType = sourcecode.swift; path = FriendView.swift; sourceTree = "<group>"; };
		9BF7EE89284E6FCF0060D66B /* AddFriendManager.swift */ = {isa = PBXFileReference; lastKnownFileType = sourcecode.swift; path = AddFriendManager.swift; sourceTree = "<group>"; };
		9BF7EE8B284E6FE30060D66B /* FriendManager.swift */ = {isa = PBXFileReference; lastKnownFileType = sourcecode.swift; path = FriendManager.swift; sourceTree = "<group>"; };
		9BF7EE8D284E6FF40060D66B /* FriendListModel.swift */ = {isa = PBXFileReference; lastKnownFileType = sourcecode.swift; path = FriendListModel.swift; sourceTree = "<group>"; };
		9BF7EE8F284E700D0060D66B /* ForgotPasswordView.swift */ = {isa = PBXFileReference; lastKnownFileType = sourcecode.swift; path = ForgotPasswordView.swift; sourceTree = "<group>"; };
		9BF7EE91284E70200060D66B /* passwordManager.swift */ = {isa = PBXFileReference; lastKnownFileType = sourcecode.swift; path = passwordManager.swift; sourceTree = "<group>"; };
		9BF7EE93284E70440060D66B /*  AddPillView.swift */ = {isa = PBXFileReference; lastKnownFileType = sourcecode.swift; path = " AddPillView.swift"; sourceTree = "<group>"; };
		9BF7EE95284E70590060D66B /* AddPillManager.swift */ = {isa = PBXFileReference; lastKnownFileType = sourcecode.swift; path = AddPillManager.swift; sourceTree = "<group>"; };
		9BF7EE97284E706B0060D66B /* PillSearchView.swift */ = {isa = PBXFileReference; lastKnownFileType = sourcecode.swift; path = PillSearchView.swift; sourceTree = "<group>"; };
		9BF7EE99284E709C0060D66B /* searchPillInfoModel.swift */ = {isa = PBXFileReference; lastKnownFileType = sourcecode.swift; path = searchPillInfoModel.swift; sourceTree = "<group>"; };
		9BF7EE9B284E70AF0060D66B /* SearchBarView.swift */ = {isa = PBXFileReference; lastKnownFileType = sourcecode.swift; path = SearchBarView.swift; sourceTree = "<group>"; };
		9BF7EE9F284E71100060D66B /* PillModel.swift */ = {isa = PBXFileReference; lastKnownFileType = sourcecode.swift; path = PillModel.swift; sourceTree = "<group>"; };
		9BF7EEA1284E71230060D66B /* PillManager.swift */ = {isa = PBXFileReference; lastKnownFileType = sourcecode.swift; path = PillManager.swift; sourceTree = "<group>"; };
		9BF7EEA3284E71370060D66B /* PillInfoView.swift */ = {isa = PBXFileReference; lastKnownFileType = sourcecode.swift; path = PillInfoView.swift; sourceTree = "<group>"; };
		9BF7EEA5284E71730060D66B /* mainView.swift */ = {isa = PBXFileReference; lastKnownFileType = sourcecode.swift; path = mainView.swift; sourceTree = "<group>"; };
		9BF7EEA7284E71870060D66B /* LoginView.swift */ = {isa = PBXFileReference; lastKnownFileType = sourcecode.swift; path = LoginView.swift; sourceTree = "<group>"; };
		9BF7EEA9284E71990060D66B /* SignupView.swift */ = {isa = PBXFileReference; lastKnownFileType = sourcecode.swift; path = SignupView.swift; sourceTree = "<group>"; };
		9BF7EEAB284E71AE0060D66B /* IdCheckManager.swift */ = {isa = PBXFileReference; lastKnownFileType = sourcecode.swift; path = IdCheckManager.swift; sourceTree = "<group>"; };
		9BF7EEAD284E71CA0060D66B /* SignupManager.swift */ = {isa = PBXFileReference; lastKnownFileType = sourcecode.swift; path = SignupManager.swift; sourceTree = "<group>"; };
		9BF7EEAF284E721D0060D66B /* TabView.swift */ = {isa = PBXFileReference; lastKnownFileType = sourcecode.swift; path = TabView.swift; sourceTree = "<group>"; };
		9BF7EEB1284E72360060D66B /* ProfileView.swift */ = {isa = PBXFileReference; lastKnownFileType = sourcecode.swift; path = ProfileView.swift; sourceTree = "<group>"; };
		9BF7EEB3284E72BF0060D66B /* FiendInfoView.swift */ = {isa = PBXFileReference; lastKnownFileType = sourcecode.swift; path = FiendInfoView.swift; sourceTree = "<group>"; };
		9BF7EEB5284E72D10060D66B /* AddTimeManager.swift */ = {isa = PBXFileReference; lastKnownFileType = sourcecode.swift; path = AddTimeManager.swift; sourceTree = "<group>"; };
		9BF7EEB7284E72EA0060D66B /* CalendarView.swift */ = {isa = PBXFileReference; lastKnownFileType = sourcecode.swift; path = CalendarView.swift; sourceTree = "<group>"; };
		9BF7EEB9284E730B0060D66B /* TakeCheckManager.swift */ = {isa = PBXFileReference; lastKnownFileType = sourcecode.swift; path = TakeCheckManager.swift; sourceTree = "<group>"; };
		9BF7EEBB284E73290060D66B /* PillTakeModel.swift */ = {isa = PBXFileReference; lastKnownFileType = sourcecode.swift; path = PillTakeModel.swift; sourceTree = "<group>"; };
		9BF7EEBD284E73450060D66B /* pillTimeModel.swift */ = {isa = PBXFileReference; lastKnownFileType = sourcecode.swift; path = pillTimeModel.swift; sourceTree = "<group>"; };
		9BF7EEBF284E73E60060D66B /* TestView.swift */ = {isa = PBXFileReference; lastKnownFileType = sourcecode.swift; path = TestView.swift; sourceTree = "<group>"; };
		9BF7EEC1284E73FE0060D66B /* LoginManager.swift */ = {isa = PBXFileReference; lastKnownFileType = sourcecode.swift; path = LoginManager.swift; sourceTree = "<group>"; };
		9BF7EEC3284E740C0060D66B /* userModel.swift */ = {isa = PBXFileReference; lastKnownFileType = sourcecode.swift; path = userModel.swift; sourceTree = "<group>"; };
		9BF7EEC5284E741A0060D66B /* getCurrentTimeManager.swift */ = {isa = PBXFileReference; lastKnownFileType = sourcecode.swift; path = getCurrentTimeManager.swift; sourceTree = "<group>"; };
		9BF7EEC7284E74270060D66B /* SelectTimeManager.swift */ = {isa = PBXFileReference; lastKnownFileType = sourcecode.swift; path = SelectTimeManager.swift; sourceTree = "<group>"; };
		9BF7EEC9284E74350060D66B /* SearchPillInfoManager.swift */ = {isa = PBXFileReference; lastKnownFileType = sourcecode.swift; path = SearchPillInfoManager.swift; sourceTree = "<group>"; };
		9BF7EECB284E74480060D66B /* PillDeleteManager.swift */ = {isa = PBXFileReference; lastKnownFileType = sourcecode.swift; path = PillDeleteManager.swift; sourceTree = "<group>"; };
/* End PBXFileReference section */

/* Begin PBXFrameworksBuildPhase section */
		9BF7EE23284E6E750060D66B /* Frameworks */ = {
			isa = PBXFrameworksBuildPhase;
			buildActionMask = 2147483647;
			files = (
			);
			runOnlyForDeploymentPostprocessing = 0;
		};
/* End PBXFrameworksBuildPhase section */

/* Begin PBXGroup section */
		9BF7EE1D284E6E750060D66B = {
			isa = PBXGroup;
			children = (
				9BF7EE28284E6E750060D66B /* PillMe */,
				9BF7EE27284E6E750060D66B /* Products */,
			);
			sourceTree = "<group>";
		};
		9BF7EE27284E6E750060D66B /* Products */ = {
			isa = PBXGroup;
			children = (
				9BF7EE26284E6E750060D66B /* PillMe.app */,
			);
			name = Products;
			sourceTree = "<group>";
		};
		9BF7EE28284E6E750060D66B /* PillMe */ = {
			isa = PBXGroup;
			children = (
				9BF7EE29284E6E750060D66B /* PillMeApp.swift */,
				9BF7EE85284E6F930060D66B /* FriendInfoManager.swift */,
				9BF7EE87284E6FB80060D66B /* FriendView.swift */,
				9BF7EE89284E6FCF0060D66B /* AddFriendManager.swift */,
				9BF7EE8B284E6FE30060D66B /* FriendManager.swift */,
				9BF7EE8D284E6FF40060D66B /* FriendListModel.swift */,
				9BF7EE8F284E700D0060D66B /* ForgotPasswordView.swift */,
				9BF7EE91284E70200060D66B /* passwordManager.swift */,
				9BF7EE93284E70440060D66B /*  AddPillView.swift */,
				9B48BB4A284F6A1700C23F1C /* Notification.swift */,
				9B48BB4C284F814700C23F1C /* LocalNotificationManager.swift */,
				9BF7EE95284E70590060D66B /* AddPillManager.swift */,
				9BF7EE97284E706B0060D66B /* PillSearchView.swift */,
				9BF7EE99284E709C0060D66B /* searchPillInfoModel.swift */,
				9BF7EE9B284E70AF0060D66B /* SearchBarView.swift */,
				9BF7EE2B284E6E750060D66B /* ContentView.swift */,
				9BF7EE9F284E71100060D66B /* PillModel.swift */,
				9BF7EEA1284E71230060D66B /* PillManager.swift */,
				9BF7EEA3284E71370060D66B /* PillInfoView.swift */,
				9BF7EEA5284E71730060D66B /* mainView.swift */,
				9BF7EEA7284E71870060D66B /* LoginView.swift */,
				9BF7EEA9284E71990060D66B /* SignupView.swift */,
				9BF7EEAB284E71AE0060D66B /* IdCheckManager.swift */,
				9BF7EEAD284E71CA0060D66B /* SignupManager.swift */,
				9BF7EEAF284E721D0060D66B /* TabView.swift */,
				9BF7EEB1284E72360060D66B /* ProfileView.swift */,
				9BF7EEB3284E72BF0060D66B /* FiendInfoView.swift */,
				9BF7EEB5284E72D10060D66B /* AddTimeManager.swift */,
				9BF7EEB7284E72EA0060D66B /* CalendarView.swift */,
				9BF7EEB9284E730B0060D66B /* TakeCheckManager.swift */,
				9BF7EEBB284E73290060D66B /* PillTakeModel.swift */,
				9BF7EEBD284E73450060D66B /* pillTimeModel.swift */,
				9BF7EEBF284E73E60060D66B /* TestView.swift */,
				9BF7EEC1284E73FE0060D66B /* LoginManager.swift */,
				9BF7EEC3284E740C0060D66B /* userModel.swift */,
				9BF7EEC5284E741A0060D66B /* getCurrentTimeManager.swift */,
				9BF7EEC7284E74270060D66B /* SelectTimeManager.swift */,
				9BF7EEC9284E74350060D66B /* SearchPillInfoManager.swift */,
				9BF7EECB284E74480060D66B /* PillDeleteManager.swift */,
				9BF7EE2D284E6E760060D66B /* Assets.xcassets */,
				9BF7EE2F284E6E760060D66B /* Preview Content */,
			);
			path = PillMe;
			sourceTree = "<group>";
		};
		9BF7EE2F284E6E760060D66B /* Preview Content */ = {
			isa = PBXGroup;
			children = (
				9BF7EE30284E6E760060D66B /* Preview Assets.xcassets */,
			);
			path = "Preview Content";
			sourceTree = "<group>";
		};
/* End PBXGroup section */

/* Begin PBXNativeTarget section */
		9BF7EE25284E6E750060D66B /* PillMe */ = {
			isa = PBXNativeTarget;
			buildConfigurationList = 9BF7EE34284E6E760060D66B /* Build configuration list for PBXNativeTarget "PillMe" */;
			buildPhases = (
				9BF7EE22284E6E750060D66B /* Sources */,
				9BF7EE23284E6E750060D66B /* Frameworks */,
				9BF7EE24284E6E750060D66B /* Resources */,
			);
			buildRules = (
			);
			dependencies = (
			);
			name = PillMe;
			productName = PillMe;
			productReference = 9BF7EE26284E6E750060D66B /* PillMe.app */;
			productType = "com.apple.product-type.application";
		};
/* End PBXNativeTarget section */

/* Begin PBXProject section */
		9BF7EE1E284E6E750060D66B /* Project object */ = {
			isa = PBXProject;
			attributes = {
				BuildIndependentTargetsInParallel = 1;
				LastSwiftUpdateCheck = 1340;
				LastUpgradeCheck = 1340;
				TargetAttributes = {
					9BF7EE25284E6E750060D66B = {
						CreatedOnToolsVersion = 13.4.1;
					};
				};
			};
			buildConfigurationList = 9BF7EE21284E6E750060D66B /* Build configuration list for PBXProject "PillMe" */;
			compatibilityVersion = "Xcode 13.0";
			developmentRegion = en;
			hasScannedForEncodings = 0;
			knownRegions = (
				en,
				Base,
			);
			mainGroup = 9BF7EE1D284E6E750060D66B;
			productRefGroup = 9BF7EE27284E6E750060D66B /* Products */;
			projectDirPath = "";
			projectRoot = "";
			targets = (
				9BF7EE25284E6E750060D66B /* PillMe */,
			);
		};
/* End PBXProject section */

/* Begin PBXResourcesBuildPhase section */
		9BF7EE24284E6E750060D66B /* Resources */ = {
			isa = PBXResourcesBuildPhase;
			buildActionMask = 2147483647;
			files = (
				9BF7EE31284E6E760060D66B /* Preview Assets.xcassets in Resources */,
				9BF7EE2E284E6E760060D66B /* Assets.xcassets in Resources */,
			);
			runOnlyForDeploymentPostprocessing = 0;
		};
/* End PBXResourcesBuildPhase section */

/* Begin PBXSourcesBuildPhase section */
		9BF7EE22284E6E750060D66B /* Sources */ = {
			isa = PBXSourcesBuildPhase;
			buildActionMask = 2147483647;
			files = (
				9BF7EEC0284E73E60060D66B /* TestView.swift in Sources */,
				9BF7EEC2284E73FE0060D66B /* LoginManager.swift in Sources */,
				9BF7EEC8284E74270060D66B /* SelectTimeManager.swift in Sources */,
				9BF7EE92284E70200060D66B /* passwordManager.swift in Sources */,
				9BF7EEA4284E71370060D66B /* PillInfoView.swift in Sources */,
				9BF7EE2C284E6E750060D66B /* ContentView.swift in Sources */,
				9B48BB4D284F814700C23F1C /* LocalNotificationManager.swift in Sources */,
				9BF7EEBA284E730B0060D66B /* TakeCheckManager.swift in Sources */,
				9BF7EEAE284E71CA0060D66B /* SignupManager.swift in Sources */,
				9BF7EEB4284E72BF0060D66B /* FiendInfoView.swift in Sources */,
				9BF7EEBC284E73290060D66B /* PillTakeModel.swift in Sources */,
				9BF7EE8C284E6FE30060D66B /* FriendManager.swift in Sources */,
				9BF7EEAA284E71990060D66B /* SignupView.swift in Sources */,
				9B48BB4B284F6A1700C23F1C /* Notification.swift in Sources */,
				9BF7EE90284E700D0060D66B /* ForgotPasswordView.swift in Sources */,
				9BF7EE96284E70590060D66B /* AddPillManager.swift in Sources */,
				9BF7EEBE284E73450060D66B /* pillTimeModel.swift in Sources */,
				9BF7EE86284E6F930060D66B /* FriendInfoManager.swift in Sources */,
				9BF7EE8A284E6FCF0060D66B /* AddFriendManager.swift in Sources */,
				9BF7EE8E284E6FF40060D66B /* FriendListModel.swift in Sources */,
				9BF7EEB6284E72D10060D66B /* AddTimeManager.swift in Sources */,
				9BF7EEA6284E71730060D66B /* mainView.swift in Sources */,
				9BF7EEB8284E72EA0060D66B /* CalendarView.swift in Sources */,
				9BF7EEA2284E71230060D66B /* PillManager.swift in Sources */,
				9BF7EEC6284E741A0060D66B /* getCurrentTimeManager.swift in Sources */,
				9BF7EEA0284E71100060D66B /* PillModel.swift in Sources */,
				9BF7EE88284E6FB80060D66B /* FriendView.swift in Sources */,
				9BF7EEAC284E71AE0060D66B /* IdCheckManager.swift in Sources */,
				9BF7EEB2284E72360060D66B /* ProfileView.swift in Sources */,
				9BF7EE98284E706B0060D66B /* PillSearchView.swift in Sources */,
				9BF7EE9C284E70AF0060D66B /* SearchBarView.swift in Sources */,
				9BF7EE94284E70440060D66B /*  AddPillView.swift in Sources */,
				9BF7EEA8284E71870060D66B /* LoginView.swift in Sources */,
				9BF7EEC4284E740C0060D66B /* userModel.swift in Sources */,
				9BF7EECA284E74350060D66B /* SearchPillInfoManager.swift in Sources */,
				9BF7EEB0284E721D0060D66B /* TabView.swift in Sources */,
				9BF7EECC284E74480060D66B /* PillDeleteManager.swift in Sources */,
				9BF7EE2A284E6E750060D66B /* PillMeApp.swift in Sources */,
				9BF7EE9A284E709C0060D66B /* searchPillInfoModel.swift in Sources */,
			);
			runOnlyForDeploymentPostprocessing = 0;
		};
/* End PBXSourcesBuildPhase section */

/* Begin XCBuildConfiguration section */
		9BF7EE32284E6E760060D66B /* Debug */ = {
			isa = XCBuildConfiguration;
			buildSettings = {
				ALWAYS_SEARCH_USER_PATHS = NO;
				CLANG_ANALYZER_NONNULL = YES;
				CLANG_ANALYZER_NUMBER_OBJECT_CONVERSION = YES_AGGRESSIVE;
				CLANG_CXX_LANGUAGE_STANDARD = "gnu++17";
				CLANG_ENABLE_MODULES = YES;
				CLANG_ENABLE_OBJC_ARC = YES;
				CLANG_ENABLE_OBJC_WEAK = YES;
				CLANG_WARN_BLOCK_CAPTURE_AUTORELEASING = YES;
				CLANG_WARN_BOOL_CONVERSION = YES;
				CLANG_WARN_COMMA = YES;
				CLANG_WARN_CONSTANT_CONVERSION = YES;
				CLANG_WARN_DEPRECATED_OBJC_IMPLEMENTATIONS = YES;
				CLANG_WARN_DIRECT_OBJC_ISA_USAGE = YES_ERROR;
				CLANG_WARN_DOCUMENTATION_COMMENTS = YES;
				CLANG_WARN_EMPTY_BODY = YES;
				CLANG_WARN_ENUM_CONVERSION = YES;
				CLANG_WARN_INFINITE_RECURSION = YES;
				CLANG_WARN_INT_CONVERSION = YES;
				CLANG_WARN_NON_LITERAL_NULL_CONVERSION = YES;
				CLANG_WARN_OBJC_IMPLICIT_RETAIN_SELF = YES;
				CLANG_WARN_OBJC_LITERAL_CONVERSION = YES;
				CLANG_WARN_OBJC_ROOT_CLASS = YES_ERROR;
				CLANG_WARN_QUOTED_INCLUDE_IN_FRAMEWORK_HEADER = YES;
				CLANG_WARN_RANGE_LOOP_ANALYSIS = YES;
				CLANG_WARN_STRICT_PROTOTYPES = YES;
				CLANG_WARN_SUSPICIOUS_MOVE = YES;
				CLANG_WARN_UNGUARDED_AVAILABILITY = YES_AGGRESSIVE;
				CLANG_WARN_UNREACHABLE_CODE = YES;
				CLANG_WARN__DUPLICATE_METHOD_MATCH = YES;
				COPY_PHASE_STRIP = NO;
				DEBUG_INFORMATION_FORMAT = dwarf;
				ENABLE_STRICT_OBJC_MSGSEND = YES;
				ENABLE_TESTABILITY = YES;
				GCC_C_LANGUAGE_STANDARD = gnu11;
				GCC_DYNAMIC_NO_PIC = NO;
				GCC_NO_COMMON_BLOCKS = YES;
				GCC_OPTIMIZATION_LEVEL = 0;
				GCC_PREPROCESSOR_DEFINITIONS = (
					"DEBUG=1",
					"$(inherited)",
				);
				GCC_WARN_64_TO_32_BIT_CONVERSION = YES;
				GCC_WARN_ABOUT_RETURN_TYPE = YES_ERROR;
				GCC_WARN_UNDECLARED_SELECTOR = YES;
				GCC_WARN_UNINITIALIZED_AUTOS = YES_AGGRESSIVE;
				GCC_WARN_UNUSED_FUNCTION = YES;
				GCC_WARN_UNUSED_VARIABLE = YES;
				IPHONEOS_DEPLOYMENT_TARGET = 15.5;
				MTL_ENABLE_DEBUG_INFO = INCLUDE_SOURCE;
				MTL_FAST_MATH = YES;
				ONLY_ACTIVE_ARCH = YES;
				SDKROOT = iphoneos;
				SWIFT_ACTIVE_COMPILATION_CONDITIONS = DEBUG;
				SWIFT_OPTIMIZATION_LEVEL = "-Onone";
			};
			name = Debug;
		};
		9BF7EE33284E6E760060D66B /* Release */ = {
			isa = XCBuildConfiguration;
			buildSettings = {
				ALWAYS_SEARCH_USER_PATHS = NO;
				CLANG_ANALYZER_NONNULL = YES;
				CLANG_ANALYZER_NUMBER_OBJECT_CONVERSION = YES_AGGRESSIVE;
				CLANG_CXX_LANGUAGE_STANDARD = "gnu++17";
				CLANG_ENABLE_MODULES = YES;
				CLANG_ENABLE_OBJC_ARC = YES;
				CLANG_ENABLE_OBJC_WEAK = YES;
				CLANG_WARN_BLOCK_CAPTURE_AUTORELEASING = YES;
				CLANG_WARN_BOOL_CONVERSION = YES;
				CLANG_WARN_COMMA = YES;
				CLANG_WARN_CONSTANT_CONVERSION = YES;
				CLANG_WARN_DEPRECATED_OBJC_IMPLEMENTATIONS = YES;
				CLANG_WARN_DIRECT_OBJC_ISA_USAGE = YES_ERROR;
				CLANG_WARN_DOCUMENTATION_COMMENTS = YES;
				CLANG_WARN_EMPTY_BODY = YES;
				CLANG_WARN_ENUM_CONVERSION = YES;
				CLANG_WARN_INFINITE_RECURSION = YES;
				CLANG_WARN_INT_CONVERSION = YES;
				CLANG_WARN_NON_LITERAL_NULL_CONVERSION = YES;
				CLANG_WARN_OBJC_IMPLICIT_RETAIN_SELF = YES;
				CLANG_WARN_OBJC_LITERAL_CONVERSION = YES;
				CLANG_WARN_OBJC_ROOT_CLASS = YES_ERROR;
				CLANG_WARN_QUOTED_INCLUDE_IN_FRAMEWORK_HEADER = YES;
				CLANG_WARN_RANGE_LOOP_ANALYSIS = YES;
				CLANG_WARN_STRICT_PROTOTYPES = YES;
				CLANG_WARN_SUSPICIOUS_MOVE = YES;
				CLANG_WARN_UNGUARDED_AVAILABILITY = YES_AGGRESSIVE;
				CLANG_WARN_UNREACHABLE_CODE = YES;
				CLANG_WARN__DUPLICATE_METHOD_MATCH = YES;
				COPY_PHASE_STRIP = NO;
				DEBUG_INFORMATION_FORMAT = "dwarf-with-dsym";
				ENABLE_NS_ASSERTIONS = NO;
				ENABLE_STRICT_OBJC_MSGSEND = YES;
				GCC_C_LANGUAGE_STANDARD = gnu11;
				GCC_NO_COMMON_BLOCKS = YES;
				GCC_WARN_64_TO_32_BIT_CONVERSION = YES;
				GCC_WARN_ABOUT_RETURN_TYPE = YES_ERROR;
				GCC_WARN_UNDECLARED_SELECTOR = YES;
				GCC_WARN_UNINITIALIZED_AUTOS = YES_AGGRESSIVE;
				GCC_WARN_UNUSED_FUNCTION = YES;
				GCC_WARN_UNUSED_VARIABLE = YES;
				IPHONEOS_DEPLOYMENT_TARGET = 15.5;
				MTL_ENABLE_DEBUG_INFO = NO;
				MTL_FAST_MATH = YES;
				SDKROOT = iphoneos;
				SWIFT_COMPILATION_MODE = wholemodule;
				SWIFT_OPTIMIZATION_LEVEL = "-O";
				VALIDATE_PRODUCT = YES;
			};
			name = Release;
		};
		9BF7EE35284E6E760060D66B /* Debug */ = {
			isa = XCBuildConfiguration;
			buildSettings = {
				ASSETCATALOG_COMPILER_APPICON_NAME = AppIcon;
				ASSETCATALOG_COMPILER_GLOBAL_ACCENT_COLOR_NAME = AccentColor;
				CODE_SIGN_STYLE = Automatic;
				CURRENT_PROJECT_VERSION = 1;
				DEVELOPMENT_ASSET_PATHS = "\"PillMe/Preview Content\"";
				DEVELOPMENT_TEAM = 7G2G9A9P6W;
				ENABLE_PREVIEWS = YES;
				GENERATE_INFOPLIST_FILE = YES;
				INFOPLIST_KEY_UIApplicationSceneManifest_Generation = YES;
				INFOPLIST_KEY_UIApplicationSupportsIndirectInputEvents = YES;
				INFOPLIST_KEY_UILaunchScreen_Generation = YES;
				INFOPLIST_KEY_UISupportedInterfaceOrientations_iPad = "UIInterfaceOrientationPortrait UIInterfaceOrientationPortraitUpsideDown UIInterfaceOrientationLandscapeLeft UIInterfaceOrientationLandscapeRight";
				INFOPLIST_KEY_UISupportedInterfaceOrientations_iPhone = "UIInterfaceOrientationPortrait UIInterfaceOrientationLandscapeLeft UIInterfaceOrientationLandscapeRight";
				LD_RUNPATH_SEARCH_PATHS = (
					"$(inherited)",
					"@executable_path/Frameworks",
				);
				MARKETING_VERSION = 1.0;
				PRODUCT_BUNDLE_IDENTIFIER = com.PillMe;
				PRODUCT_NAME = "$(TARGET_NAME)";
				SWIFT_EMIT_LOC_STRINGS = YES;
				SWIFT_VERSION = 5.0;
				TARGETED_DEVICE_FAMILY = "1,2";
			};
			name = Debug;
		};
		9BF7EE36284E6E760060D66B /* Release */ = {
			isa = XCBuildConfiguration;
			buildSettings = {
				ASSETCATALOG_COMPILER_APPICON_NAME = AppIcon;
				ASSETCATALOG_COMPILER_GLOBAL_ACCENT_COLOR_NAME = AccentColor;
				CODE_SIGN_STYLE = Automatic;
				CURRENT_PROJECT_VERSION = 1;
				DEVELOPMENT_ASSET_PATHS = "\"PillMe/Preview Content\"";
				ENABLE_PREVIEWS = YES;
				GENERATE_INFOPLIST_FILE = YES;
				INFOPLIST_KEY_UIApplicationSceneManifest_Generation = YES;
				INFOPLIST_KEY_UIApplicationSupportsIndirectInputEvents = YES;
				INFOPLIST_KEY_UILaunchScreen_Generation = YES;
				INFOPLIST_KEY_UISupportedInterfaceOrientations_iPad = "UIInterfaceOrientationPortrait UIInterfaceOrientationPortraitUpsideDown UIInterfaceOrientationLandscapeLeft UIInterfaceOrientationLandscapeRight";
				INFOPLIST_KEY_UISupportedInterfaceOrientations_iPhone = "UIInterfaceOrientationPortrait UIInterfaceOrientationLandscapeLeft UIInterfaceOrientationLandscapeRight";
				LD_RUNPATH_SEARCH_PATHS = (
					"$(inherited)",
					"@executable_path/Frameworks",
				);
				MARKETING_VERSION = 1.0;
				PRODUCT_BUNDLE_IDENTIFIER = com.PillMe;
				PRODUCT_NAME = "$(TARGET_NAME)";
				SWIFT_EMIT_LOC_STRINGS = YES;
				SWIFT_VERSION = 5.0;
				TARGETED_DEVICE_FAMILY = "1,2";
			};
			name = Release;
		};
/* End XCBuildConfiguration section */

/* Begin XCConfigurationList section */
		9BF7EE21284E6E750060D66B /* Build configuration list for PBXProject "PillMe" */ = {
			isa = XCConfigurationList;
			buildConfigurations = (
				9BF7EE32284E6E760060D66B /* Debug */,
				9BF7EE33284E6E760060D66B /* Release */,
			);
			defaultConfigurationIsVisible = 0;
			defaultConfigurationName = Release;
		};
		9BF7EE34284E6E760060D66B /* Build configuration list for PBXNativeTarget "PillMe" */ = {
			isa = XCConfigurationList;
			buildConfigurations = (
				9BF7EE35284E6E760060D66B /* Debug */,
				9BF7EE36284E6E760060D66B /* Release */,
			);
			defaultConfigurationIsVisible = 0;
			defaultConfigurationName = Release;
		};
/* End XCConfigurationList section */
	};
	rootObject = 9BF7EE1E284E6E750060D66B /* Project object */;
}
